
Microsoft Visual Studio Solution File, Format Version 12.00
# Visual Studio Version 17
VisualStudioVersion = 17.9.34728.123
MinimumVisualStudioVersion = 10.0.40219.1
Project("{FAE04EC0-301F-11D3-BF4B-00C04F79EFBC}") = "MMM", "MMM\MMM.csproj", "{6CE489F7-7CA8-40CE-B32D-FD23510E29D9}"
EndProject
Global
	GlobalSection(SolutionConfigurationPlatforms) = preSolution
		Debug|Any CPU = Debug|Any CPU
		Release|Any CPU = Release|Any CPU
	EndGlobalSection
	GlobalSection(ProjectConfigurationPlatforms) = postSolution
		{6CE489F7-7CA8-40CE-B32D-FD23510E29D9}.Debug|Any CPU.ActiveCfg = Debug|Any CPU
		{6CE489F7-7CA8-40CE-B32D-FD23510E29D9}.Debug|Any CPU.Build.0 = Debug|Any CPU
		{6CE489F7-7CA8-40CE-B32D-FD23510E29D9}.Release|Any CPU.ActiveCfg = Release|Any CPU
		{6CE489F7-7CA8-40CE-B32D-FD23510E29D9}.Release|Any CPU.Build.0 = Release|Any CPU
	EndGlobalSection
	GlobalSection(SolutionProperties) = preSolution
		HideSolutionNode = FALSE
	EndGlobalSection
	GlobalSection(ExtensibilityGlobals) = postSolution
		SolutionGuid = {15654BC7-4183-4381-B94E-EF025A14B8E7}
	EndGlobalSection
EndGlobal
